
Microsoft Visual Studio Solution File, Format Version 12.00
# Visual Studio Version 17
VisualStudioVersion = 17.4.33213.308
MinimumVisualStudioVersion = 10.0.40219.1
Project("{FAE04EC0-301F-11D3-BF4B-00C04F79EFBC}") = "vista", "vista\vista.csproj", "{5D30D2E6-5FC2-4E8D-8066-D226E9A59E45}"
EndProject
Project("{FAE04EC0-301F-11D3-BF4B-00C04F79EFBC}") = "datos", "Datos\datos\datos.csproj", "{D7ABA881-4024-4AA9-8E7F-1191ACC7B09D}"
EndProject
Project("{FAE04EC0-301F-11D3-BF4B-00C04F79EFBC}") = "entidades", "Entidades\entidades\entidades.csproj", "{A7C84F9A-D9CF-4C28-9E14-25767150D122}"
EndProject
Global
	GlobalSection(SolutionConfigurationPlatforms) = preSolution
		Debug|Any CPU = Debug|Any CPU
		Release|Any CPU = Release|Any CPU
	EndGlobalSection
	GlobalSection(ProjectConfigurationPlatforms) = postSolution
		{5D30D2E6-5FC2-4E8D-8066-D226E9A59E45}.Debug|Any CPU.ActiveCfg = Debug|Any CPU
		{5D30D2E6-5FC2-4E8D-8066-D226E9A59E45}.Debug|Any CPU.Build.0 = Debug|Any CPU
		{5D30D2E6-5FC2-4E8D-8066-D226E9A59E45}.Release|Any CPU.ActiveCfg = Release|Any CPU
		{5D30D2E6-5FC2-4E8D-8066-D226E9A59E45}.Release|Any CPU.Build.0 = Release|Any CPU
		{D7ABA881-4024-4AA9-8E7F-1191ACC7B09D}.Debug|Any CPU.ActiveCfg = Debug|Any CPU
		{D7ABA881-4024-4AA9-8E7F-1191ACC7B09D}.Debug|Any CPU.Build.0 = Debug|Any CPU
		{D7ABA881-4024-4AA9-8E7F-1191ACC7B09D}.Release|Any CPU.ActiveCfg = Release|Any CPU
		{D7ABA881-4024-4AA9-8E7F-1191ACC7B09D}.Release|Any CPU.Build.0 = Release|Any CPU
		{A7C84F9A-D9CF-4C28-9E14-25767150D122}.Debug|Any CPU.ActiveCfg = Debug|Any CPU
		{A7C84F9A-D9CF-4C28-9E14-25767150D122}.Debug|Any CPU.Build.0 = Debug|Any CPU
		{A7C84F9A-D9CF-4C28-9E14-25767150D122}.Release|Any CPU.ActiveCfg = Release|Any CPU
		{A7C84F9A-D9CF-4C28-9E14-25767150D122}.Release|Any CPU.Build.0 = Release|Any CPU
	EndGlobalSection
	GlobalSection(SolutionProperties) = preSolution
		HideSolutionNode = FALSE
	EndGlobalSection
	GlobalSection(ExtensibilityGlobals) = postSolution
		SolutionGuid = {D3DF3B97-7210-4B05-B95C-51EBF7593643}
	EndGlobalSection
EndGlobal
